
Microsoft Visual Studio Solution File, Format Version 12.00
# Visual Studio Version 17
VisualStudioVersion = 17.0.31521.260
MinimumVisualStudioVersion = 10.0.40219.1
Project("{FAE04EC0-301F-11D3-BF4B-00C04F79EFBC}") = "MBXel Core", "MBXel Core\MBXel Core.csproj", "{1B844701-D658-4BB7-9A6A-C39B72EEE4F8}"
EndProject
Global
	GlobalSection(SolutionConfigurationPlatforms) = preSolution
		Debug|Any CPU = Debug|Any CPU
		Release|Any CPU = Release|Any CPU
	EndGlobalSection
	GlobalSection(ProjectConfigurationPlatforms) = postSolution
		{1B844701-D658-4BB7-9A6A-C39B72EEE4F8}.Debug|Any CPU.ActiveCfg = Debug|Any CPU
		{1B844701-D658-4BB7-9A6A-C39B72EEE4F8}.Debug|Any CPU.Build.0 = Debug|Any CPU
		{1B844701-D658-4BB7-9A6A-C39B72EEE4F8}.Release|Any CPU.ActiveCfg = Release|Any CPU
		{1B844701-D658-4BB7-9A6A-C39B72EEE4F8}.Release|Any CPU.Build.0 = Release|Any CPU
	EndGlobalSection
	GlobalSection(SolutionProperties) = preSolution
		HideSolutionNode = FALSE
	EndGlobalSection
	GlobalSection(ExtensibilityGlobals) = postSolution
		SolutionGuid = {5C513097-24DB-4202-B6C5-507160BF0E9B}
	EndGlobalSection
EndGlobal
